
Microsoft Visual Studio Solution File, Format Version 12.00
# Visual Studio 2013
VisualStudioVersion = 12.0.31101.0
MinimumVisualStudioVersion = 10.0.40219.1
Project("{FAE04EC0-301F-11D3-BF4B-00C04F79EFBC}") = "GuiServer", "GuiServer\GuiServer.csproj", "{F2E4A21A-C0EF-4BED-B810-7B04A5702763}"
EndProject
Project("{FAE04EC0-301F-11D3-BF4B-00C04F79EFBC}") = "ConsoleClient", "ConsoleClient\ConsoleClient.csproj", "{438DDF05-16E7-4335-B9EC-52C4C4E65C04}"
EndProject
Project("{FAE04EC0-301F-11D3-BF4B-00C04F79EFBC}") = "NetworkObjects", "NetworkObjects\NetworkObjects.csproj", "{1AF0874E-F3A9-4382-919B-5D5878C1115C}"
EndProject
Project("{2150E333-8FDC-42A3-9474-1A3956D46DE8}") = "Solution Items", "Solution Items", "{AAE11FB1-5F1E-4991-9F59-D43EB5CCC76C}"
	ProjectSection(SolutionItems) = preProject
		Dependency\MarrySocket.dll = Dependency\MarrySocket.dll
		Dependency\MarrySocket.pdb = Dependency\MarrySocket.pdb
		Dependency\PacketId.cs = Dependency\PacketId.cs
	EndProjectSection
EndProject
Global
	GlobalSection(SolutionConfigurationPlatforms) = preSolution
		Debug|Any CPU = Debug|Any CPU
		Release|Any CPU = Release|Any CPU
	EndGlobalSection
	GlobalSection(ProjectConfigurationPlatforms) = postSolution
		{F2E4A21A-C0EF-4BED-B810-7B04A5702763}.Debug|Any CPU.ActiveCfg = Debug|Any CPU
		{F2E4A21A-C0EF-4BED-B810-7B04A5702763}.Debug|Any CPU.Build.0 = Debug|Any CPU
		{F2E4A21A-C0EF-4BED-B810-7B04A5702763}.Release|Any CPU.ActiveCfg = Release|Any CPU
		{F2E4A21A-C0EF-4BED-B810-7B04A5702763}.Release|Any CPU.Build.0 = Release|Any CPU
		{438DDF05-16E7-4335-B9EC-52C4C4E65C04}.Debug|Any CPU.ActiveCfg = Debug|Any CPU
		{438DDF05-16E7-4335-B9EC-52C4C4E65C04}.Debug|Any CPU.Build.0 = Debug|Any CPU
		{438DDF05-16E7-4335-B9EC-52C4C4E65C04}.Release|Any CPU.ActiveCfg = Release|Any CPU
		{438DDF05-16E7-4335-B9EC-52C4C4E65C04}.Release|Any CPU.Build.0 = Release|Any CPU
		{1AF0874E-F3A9-4382-919B-5D5878C1115C}.Debug|Any CPU.ActiveCfg = Debug|Any CPU
		{1AF0874E-F3A9-4382-919B-5D5878C1115C}.Debug|Any CPU.Build.0 = Debug|Any CPU
		{1AF0874E-F3A9-4382-919B-5D5878C1115C}.Release|Any CPU.ActiveCfg = Release|Any CPU
		{1AF0874E-F3A9-4382-919B-5D5878C1115C}.Release|Any CPU.Build.0 = Release|Any CPU
	EndGlobalSection
	GlobalSection(SolutionProperties) = preSolution
		HideSolutionNode = FALSE
	EndGlobalSection
EndGlobal
